{
  "name": "pinia-cached-store",
  "version": "0.1.0",
  "lockfileVersion": 1,
  "requires": true,
  "dependencies": {
    "@babel/helper-validator-identifier": {
      "version": "7.14.9",
      "resolved": "https://registry.npmjs.org/@babel/helper-validator-identifier/-/helper-validator-identifier-7.14.9.tgz",
      "integrity": "sha512-pQYxPY0UP6IHISRitNe8bsijHex4TWZXi2HwKVsjPiltzlhse2znVcm9Ace510VT1kxIHjGJCZZQBX2gJDbo0g=="
    },
    "@babel/parser": {
      "version": "7.15.3",
      "resolved": "https://registry.npmjs.org/@babel/parser/-/parser-7.15.3.tgz",
      "integrity": "sha512-O0L6v/HvqbdJawj0iBEfVQMc3/6WP+AeOsovsIgBFyJaG+W2w7eqvZB7puddATmWuARlm1SX7DwxJ/JJUnDpEA=="
    },
    "@babel/types": {
      "version": "7.15.0",
      "resolved": "https://registry.npmjs.org/@babel/types/-/types-7.15.0.tgz",
      "integrity": "sha512-OBvfqnllOIdX4ojTHpwZbpvz4j3EWyjkZEdmjH0/cgsd6QOdSgU8rLSk6ard/pcW7rlmjdVSX/AWOaORR1uNOQ==",
      "requires": {
        "@babel/helper-validator-identifier": "^7.14.9",
        "to-fast-properties": "^2.0.0"
      }
    },
    "@rollup/plugin-typescript": {
      "version": "8.2.5",
      "resolved": "https://registry.npmjs.org/@rollup/plugin-typescript/-/plugin-typescript-8.2.5.tgz",
      "integrity": "sha512-QL/LvDol/PAGB2O0S7/+q2HpSUNodpw7z6nGn9BfoVCPOZ0r4EALrojFU29Bkoi2Hr2jgTocTejJ5GGWZfOxbQ==",
      "dev": true,
      "requires": {
        "@rollup/pluginutils": "^3.1.0",
        "resolve": "^1.17.0"
      }
    },
    "@rollup/pluginutils": {
      "version": "3.1.0",
      "resolved": "https://registry.npmjs.org/@rollup/pluginutils/-/pluginutils-3.1.0.tgz",
      "integrity": "sha512-GksZ6pr6TpIjHm8h9lSQ8pi8BE9VeubNT0OMJ3B5uZJ8pz73NPiqOtCog/x2/QzM1ENChPKxMDhiQuRHsqc+lg==",
      "dev": true,
      "requires": {
        "@types/estree": "0.0.39",
        "estree-walker": "^1.0.1",
        "picomatch": "^2.2.2"
      },
      "dependencies": {
        "estree-walker": {
          "version": "1.0.1",
          "resolved": "https://registry.npmjs.org/estree-walker/-/estree-walker-1.0.1.tgz",
          "integrity": "sha512-1fMXF3YP4pZZVozF8j/ZLfvnR8NSIljt56UhbZ5PeeDmmGHpgpdwQt7ITlGvYaQukCvuBRMLEiKiYC+oeIg4cg==",
          "dev": true
        }
      }
    },
    "@types/estree": {
      "version": "0.0.39",
      "resolved": "https://registry.npmjs.org/@types/estree/-/estree-0.0.39.tgz",
      "integrity": "sha512-EYNwp3bU+98cpU4lAWYYL7Zz+2gryWH1qbdDTidVd6hkiR6weksdbMadyXKXNPEkQFhXM+hVO9ZygomHXp+AIw==",
      "dev": true
    },
    "@types/json-stable-stringify": {
      "version": "1.0.33",
      "resolved": "https://registry.npmjs.org/@types/json-stable-stringify/-/json-stable-stringify-1.0.33.tgz",
      "integrity": "sha512-qEWiQff6q2tA5gcJGWwzplQcXdJtm+0oy6IHGHzlOf3eFAkGE/FIPXZK9ofWgNSHVp8AFFI33PJJshS0ei3Gvw==",
      "dev": true
    },
    "@types/node": {
      "version": "16.6.0",
      "resolved": "https://registry.npmjs.org/@types/node/-/node-16.6.0.tgz",
      "integrity": "sha512-OyiZPohMMjZEYqcVo/UJ04GyAxXOJEZO/FpzyXxcH4r/ArrVoXHf4MbUrkLp0Tz7/p1mMKpo5zJ6ZHl8XBNthQ==",
      "dev": true
    },
    "@vue/compiler-core": {
      "version": "3.2.2",
      "resolved": "https://registry.npmjs.org/@vue/compiler-core/-/compiler-core-3.2.2.tgz",
      "integrity": "sha512-QhCI0ZU5nAR0LMcLgzW3v75374tIrHGp8XG5CzJS7Nsy+iuignbE4MZ2XJfh5TGIrtpuzfWA4eTIfukZf/cRdg==",
      "requires": {
        "@babel/parser": "^7.12.0",
        "@babel/types": "^7.12.0",
        "@vue/shared": "3.2.2",
        "estree-walker": "^2.0.1",
        "source-map": "^0.6.1"
      }
    },
    "@vue/compiler-dom": {
      "version": "3.2.2",
      "resolved": "https://registry.npmjs.org/@vue/compiler-dom/-/compiler-dom-3.2.2.tgz",
      "integrity": "sha512-ggcc+NV/ENIE0Uc3TxVE/sKrhYVpLepMAAmEiQ047332mbKOvUkowz4TTFZ+YkgOIuBOPP0XpCxmCMg7p874mA==",
      "requires": {
        "@vue/compiler-core": "3.2.2",
        "@vue/shared": "3.2.2"
      }
    },
    "@vue/devtools-api": {
      "version": "6.0.0-beta.15",
      "resolved": "https://registry.npmjs.org/@vue/devtools-api/-/devtools-api-6.0.0-beta.15.tgz",
      "integrity": "sha512-quBx4Jjpexo6KDiNUGFr/zF/2A4srKM9S9v2uHgMXSU//hjgq1eGzqkIFql8T9gfX5ZaVOUzYBP3jIdIR3PKIA=="
    },
    "@vue/reactivity": {
      "version": "3.2.2",
      "resolved": "https://registry.npmjs.org/@vue/reactivity/-/reactivity-3.2.2.tgz",
      "integrity": "sha512-IHjhtmrhK6dzacj/EnLQDWOaA3HuzzVk6w84qgV8EpS4uWGIJXiRalMRg6XvGW2ykJvIl3pLsF0aBFlTMRiLOA==",
      "requires": {
        "@vue/shared": "3.2.2"
      }
    },
    "@vue/runtime-core": {
      "version": "3.2.2",
      "resolved": "https://registry.npmjs.org/@vue/runtime-core/-/runtime-core-3.2.2.tgz",
      "integrity": "sha512-/aUk1+GO/VPX0oVxhbzSWE1zrf3/wGCsO1ALNisVokYftKqfqLDjbJHE6mrI2hx3MiuwbHrWjJClkGUVTIOPEQ==",
      "requires": {
        "@vue/reactivity": "3.2.2",
        "@vue/shared": "3.2.2"
      }
    },
    "@vue/runtime-dom": {
      "version": "3.2.2",
      "resolved": "https://registry.npmjs.org/@vue/runtime-dom/-/runtime-dom-3.2.2.tgz",
      "integrity": "sha512-1Le/NpCfawCOfePfJezvWUF+oCVLU8N+IHN4oFDOxRe6/PgHNJ+yT+YdxFifBfI+TIAoXI/9PsnqzmJZV+xsmw==",
      "requires": {
        "@vue/runtime-core": "3.2.2",
        "@vue/shared": "3.2.2",
        "csstype": "^2.6.8"
      }
    },
    "@vue/shared": {
      "version": "3.2.2",
      "resolved": "https://registry.npmjs.org/@vue/shared/-/shared-3.2.2.tgz",
      "integrity": "sha512-dvYb318tk9uOzHtSaT3WII/HscQSIRzoCZ5GyxEb3JlkEXASpAUAQwKnvSe2CudnF8XHFRTB7VITWSnWNLZUtA=="
    },
    "balanced-match": {
      "version": "1.0.2",
      "resolved": "https://registry.npmjs.org/balanced-match/-/balanced-match-1.0.2.tgz",
      "integrity": "sha512-3oSeUO0TMV67hN1AmbXsK4yaqU7tjiHlbxRDZOpH0KW9+CeX4bRAaX0Anxt0tx2MrpRpWwQaPwIlISEJhYU5Pw==",
      "dev": true
    },
    "brace-expansion": {
      "version": "1.1.11",
      "resolved": "https://registry.npmjs.org/brace-expansion/-/brace-expansion-1.1.11.tgz",
      "integrity": "sha512-iCuPHDFgrHX7H2vEI/5xpz07zSHB00TpugqhmYtVmMO6518mCuRMoOYFldEBl0g187ufozdaHgWKcYFb61qGiA==",
      "dev": true,
      "requires": {
        "balanced-match": "^1.0.0",
        "concat-map": "0.0.1"
      }
    },
    "concat-map": {
      "version": "0.0.1",
      "resolved": "https://registry.npmjs.org/concat-map/-/concat-map-0.0.1.tgz",
      "integrity": "sha1-2Klr13/Wjfd5OnMDajug1UBdR3s=",
      "dev": true
    },
    "csstype": {
      "version": "2.6.17",
      "resolved": "https://registry.npmjs.org/csstype/-/csstype-2.6.17.tgz",
      "integrity": "sha512-u1wmTI1jJGzCJzWndZo8mk4wnPTZd1eOIYTYvuEyOQGfmDl3TrabCCfKnOC86FZwW/9djqTl933UF/cS425i9A=="
    },
    "estree-walker": {
      "version": "2.0.2",
      "resolved": "https://registry.npmjs.org/estree-walker/-/estree-walker-2.0.2.tgz",
      "integrity": "sha512-Rfkk/Mp/DL7JVje3u18FxFujQlTNR2q6QfMSMB7AvCBx91NGj/ba3kCfza0f6dVDbw7YlRf/nDrn7pQrCCyQ/w=="
    },
    "fs.realpath": {
      "version": "1.0.0",
      "resolved": "https://registry.npmjs.org/fs.realpath/-/fs.realpath-1.0.0.tgz",
      "integrity": "sha1-FQStJSMVjKpA20onh8sBQRmU6k8=",
      "dev": true
    },
    "fsevents": {
      "version": "2.3.2",
      "resolved": "https://registry.npmjs.org/fsevents/-/fsevents-2.3.2.tgz",
      "integrity": "sha512-xiqMQR4xAeHTuB9uWm+fFRcIOgKBMiOBP+eXiyT7jsgVCq1bkVygt00oASowB7EdtpOHaaPgKt812P9ab+DDKA==",
      "dev": true,
      "optional": true
    },
    "function-bind": {
      "version": "1.1.1",
      "resolved": "https://registry.npmjs.org/function-bind/-/function-bind-1.1.1.tgz",
      "integrity": "sha512-yIovAzMX49sF8Yl58fSCWJ5svSLuaibPxXQJFLmBObTuCr0Mf1KiPopGM9NiFjiYBCbfaa2Fh6breQ6ANVTI0A==",
      "dev": true
    },
    "glob": {
      "version": "7.1.7",
      "resolved": "https://registry.npmjs.org/glob/-/glob-7.1.7.tgz",
      "integrity": "sha512-OvD9ENzPLbegENnYP5UUfJIirTg4+XwMWGaQfQTY0JenxNvvIKP3U3/tAQSPIu/lHxXYSZmpXlUHeqAIdKzBLQ==",
      "dev": true,
      "requires": {
        "fs.realpath": "^1.0.0",
        "inflight": "^1.0.4",
        "inherits": "2",
        "minimatch": "^3.0.4",
        "once": "^1.3.0",
        "path-is-absolute": "^1.0.0"
      }
    },
    "has": {
      "version": "1.0.3",
      "resolved": "https://registry.npmjs.org/has/-/has-1.0.3.tgz",
      "integrity": "sha512-f2dvO0VU6Oej7RkWJGrehjbzMAjFp5/VKPp5tTpWIV4JHHZK1/BxbFRtf/siA2SWTe09caDmVtYYzWEIbBS4zw==",
      "dev": true,
      "requires": {
        "function-bind": "^1.1.1"
      }
    },
    "inflight": {
      "version": "1.0.6",
      "resolved": "https://registry.npmjs.org/inflight/-/inflight-1.0.6.tgz",
      "integrity": "sha1-Sb1jMdfQLQwJvJEKEHW6gWW1bfk=",
      "dev": true,
      "requires": {
        "once": "^1.3.0",
        "wrappy": "1"
      }
    },
    "inherits": {
      "version": "2.0.4",
      "resolved": "https://registry.npmjs.org/inherits/-/inherits-2.0.4.tgz",
      "integrity": "sha512-k/vGaX4/Yla3WzyMCvTQOXYeIHvqOKtnqBduzTHpzpQZzAskKMhZ2K+EnBiSM9zGSoIFeMpXKxa4dYeZIQqewQ==",
      "dev": true
    },
    "is-core-module": {
      "version": "2.5.0",
      "resolved": "https://registry.npmjs.org/is-core-module/-/is-core-module-2.5.0.tgz",
      "integrity": "sha512-TXCMSDsEHMEEZ6eCA8rwRDbLu55MRGmrctljsBX/2v1d9/GzqHOxW5c5oPSgrUt2vBFXebu9rGqckXGPWOlYpg==",
      "dev": true,
      "requires": {
        "has": "^1.0.3"
      }
    },
    "json-stable-stringify": {
      "version": "1.0.1",
      "resolved": "https://registry.npmjs.org/json-stable-stringify/-/json-stable-stringify-1.0.1.tgz",
      "integrity": "sha1-mnWdOcXy/1A/1TAGRu1EX4jE+a8=",
      "requires": {
        "jsonify": "~0.0.0"
      }
    },
    "jsonify": {
      "version": "0.0.0",
      "resolved": "https://registry.npmjs.org/jsonify/-/jsonify-0.0.0.tgz",
      "integrity": "sha1-LHS27kHZPKUbe1qu6PUDYx0lKnM="
    },
    "minimatch": {
      "version": "3.0.4",
      "resolved": "https://registry.npmjs.org/minimatch/-/minimatch-3.0.4.tgz",
      "integrity": "sha512-yJHVQEhyqPLUTgt9B83PXu6W3rx4MvvHvSUvToogpwoGDOUQ+yDrR0HRot+yOCdCO7u4hX3pWft6kWBBcqh0UA==",
      "dev": true,
      "requires": {
        "brace-expansion": "^1.1.7"
      }
    },
    "once": {
      "version": "1.4.0",
      "resolved": "https://registry.npmjs.org/once/-/once-1.4.0.tgz",
      "integrity": "sha1-WDsap3WWHUsROsF9nFC6753Xa9E=",
      "dev": true,
      "requires": {
        "wrappy": "1"
      }
    },
    "path-is-absolute": {
      "version": "1.0.1",
      "resolved": "https://registry.npmjs.org/path-is-absolute/-/path-is-absolute-1.0.1.tgz",
      "integrity": "sha1-F0uSaHNVNP+8es5r9TpanhtcX18=",
      "dev": true
    },
    "path-parse": {
      "version": "1.0.7",
      "resolved": "https://registry.npmjs.org/path-parse/-/path-parse-1.0.7.tgz",
      "integrity": "sha512-LDJzPVEEEPR+y48z93A0Ed0yXb8pAByGWo/k5YYdYgpY2/2EsOsksJrq7lOHxryrVOn1ejG6oAp8ahvOIQD8sw==",
      "dev": true
    },
    "picomatch": {
      "version": "2.3.0",
      "resolved": "https://registry.npmjs.org/picomatch/-/picomatch-2.3.0.tgz",
      "integrity": "sha512-lY1Q/PiJGC2zOv/z391WOTD+Z02bCgsFfvxoXXf6h7kv9o+WmsmzYqrAwY63sNgOxE4xEdq0WyUnXfKeBrSvYw==",
      "dev": true
    },
    "pinia": {
      "version": "2.0.0-rc.4",
      "resolved": "https://registry.npmjs.org/pinia/-/pinia-2.0.0-rc.4.tgz",
      "integrity": "sha512-I43V1TIFyDWT4UTi1CPLQXQZYXGQHQMKpDPI+oxC2fv0c+ej0fQBoKCn4WbfRWB+Vf5chhWM97GFLI+OWmUQEQ==",
      "requires": {
        "@vue/devtools-api": "^6.0.0-beta.15",
        "vue-demi": "^0.11.2"
      }
    },
    "prettier": {
      "version": "2.3.2",
      "resolved": "https://registry.npmjs.org/prettier/-/prettier-2.3.2.tgz",
      "integrity": "sha512-lnJzDfJ66zkMy58OL5/NY5zp70S7Nz6KqcKkXYzn2tMVrNxvbqaBpg7H3qHaLxCJ5lNMsGuM8+ohS7cZrthdLQ==",
      "dev": true
    },
    "resolve": {
      "version": "1.20.0",
      "resolved": "https://registry.npmjs.org/resolve/-/resolve-1.20.0.tgz",
      "integrity": "sha512-wENBPt4ySzg4ybFQW2TT1zMQucPK95HSh/nq2CFTZVOGut2+pQvSsgtda4d26YrYcr067wjbmzOG8byDPBX63A==",
      "dev": true,
      "requires": {
        "is-core-module": "^2.2.0",
        "path-parse": "^1.0.6"
      }
    },
    "rimraf": {
      "version": "3.0.2",
      "resolved": "https://registry.npmjs.org/rimraf/-/rimraf-3.0.2.tgz",
      "integrity": "sha512-JZkJMZkAGFFPP2YqXZXPbMlMBgsxzE8ILs4lMIX/2o0L9UBw9O/Y3o6wFw/i9YLapcUJWwqbi3kdxIPdC62TIA==",
      "dev": true,
      "requires": {
        "glob": "^7.1.3"
      }
    },
    "rollup": {
      "version": "2.56.2",
      "resolved": "https://registry.npmjs.org/rollup/-/rollup-2.56.2.tgz",
      "integrity": "sha512-s8H00ZsRi29M2/lGdm1u8DJpJ9ML8SUOpVVBd33XNeEeL3NVaTiUcSBHzBdF3eAyR0l7VSpsuoVUGrRHq7aPwQ==",
      "dev": true,
      "requires": {
        "fsevents": "~2.3.2"
      }
    },
    "source-map": {
      "version": "0.6.1",
      "resolved": "https://registry.npmjs.org/source-map/-/source-map-0.6.1.tgz",
      "integrity": "sha512-UjgapumWlbMhkBgzT7Ykc5YXUT46F0iKu8SGXq0bcwP5dz/h0Plj6enJqjz1Zbq2l5WaqYnrVbwWOWMyF3F47g=="
    },
    "to-fast-properties": {
      "version": "2.0.0",
      "resolved": "https://registry.npmjs.org/to-fast-properties/-/to-fast-properties-2.0.0.tgz",
      "integrity": "sha1-3F5pjL0HkmW8c+A3doGk5Og/YW4="
    },
    "tslib": {
      "version": "2.3.1",
      "resolved": "https://registry.npmjs.org/tslib/-/tslib-2.3.1.tgz",
      "integrity": "sha512-77EbyPPpMz+FRFRuAFlWMtmgUWGe9UOG2Z25NqCwiIjRhOf5iKGuzSe5P2w1laq+FkRy4p+PCuVkJSGkzTEKVw==",
      "dev": true
    },
    "typescript": {
      "version": "4.3.5",
      "resolved": "https://registry.npmjs.org/typescript/-/typescript-4.3.5.tgz",
      "integrity": "sha512-DqQgihaQ9cUrskJo9kIyW/+g0Vxsk8cDtZ52a3NGh0YNTfpUSArXSohyUGnvbPazEPLu398C0UxmKSOrPumUzA==",
      "dev": true
    },
    "vue": {
      "version": "3.2.2",
      "resolved": "https://registry.npmjs.org/vue/-/vue-3.2.2.tgz",
      "integrity": "sha512-D/LuzAV30CgNJYGyNheE/VUs5N4toL2IgmS6c9qeOxvyh0xyn4exyRqizpXIrsvfx34zG9x5gCI2tdRHCGvF9w==",
      "requires": {
        "@vue/compiler-dom": "3.2.2",
        "@vue/runtime-dom": "3.2.2",
        "@vue/shared": "3.2.2"
      }
    },
    "vue-demi": {
      "version": "0.11.2",
      "resolved": "https://registry.npmjs.org/vue-demi/-/vue-demi-0.11.2.tgz",
      "integrity": "sha512-J+X8Au6BhQdcej6LY4O986634hZLu55L0ewU2j8my7WIKlu8cK0dqmdUxqVHHMd/cMrKKZ9SywB/id6aLhwCtA=="
    },
    "wrappy": {
      "version": "1.0.2",
      "resolved": "https://registry.npmjs.org/wrappy/-/wrappy-1.0.2.tgz",
      "integrity": "sha1-tSQ9jz7BqjXxNkYFvA0QNuMKtp8=",
      "dev": true
    }
  }
}
